
Microsoft Visual Studio Solution File, Format Version 12.00
# Visual Studio Version 17
VisualStudioVersion = 17.14.36301.6
MinimumVisualStudioVersion = 10.0.40219.1
Project("{FAE04EC0-301F-11D3-BF4B-00C04F79EFBC}") = "ConsoleApp.OutputDemo", "ConsoleApp.OutputDemo\ConsoleApp.OutputDemo.csproj", "{506B1D0F-E375-48DB-9833-FDC2BD686C07}"
EndProject
Project("{FAE04EC0-301F-11D3-BF4B-00C04F79EFBC}") = "ConsoleApp.VariablesDemo", "ConsoleApp.VariablesDemo\ConsoleApp.VariablesDemo.csproj", "{00B98E47-0D9F-44B1-B914-88A0B79B2AD7}"
EndProject
Project("{FAE04EC0-301F-11D3-BF4B-00C04F79EFBC}") = "ConsoleApp.UserInputDemo", "ConsoleApp.UserInputDemo\ConsoleApp.UserInputDemo.csproj", "{A01DD162-D736-4EE3-B768-D270A558C82C}"
EndProject
Project("{FAE04EC0-301F-11D3-BF4B-00C04F79EFBC}") = "ConsoleApp.Operators", "ConsoleApp.Operators\ConsoleApp.Operators.csproj", "{EF4B5B8A-AFA3-401C-B8FF-FBC59A312CAB}"
EndProject
Project("{FAE04EC0-301F-11D3-BF4B-00C04F79EFBC}") = "ConsoleApp.ConditionsandDecisions", "ConsoleApp.ConditionsandDecisions\ConsoleApp.ConditionsandDecisions.csproj", "{41B6DE3B-41A1-4957-8F3B-E77832280EF5}"
EndProject
Project("{FAE04EC0-301F-11D3-BF4B-00C04F79EFBC}") = "ConsoleApp.SampleCalculator", "ConsoleApp.SampleCalculator\ConsoleApp.SampleCalculator.csproj", "{84FFA3A2-4CD9-44B8-BFD2-3BBDF5FC4FC8}"
EndProject
Project("{FAE04EC0-301F-11D3-BF4B-00C04F79EFBC}") = "ConsoleApp.Loops", "ConsoleApp.Loops\ConsoleApp.Loops.csproj", "{631A86A2-419A-4FBC-B211-BFF23A8AE346}"
EndProject
Project("{FAE04EC0-301F-11D3-BF4B-00C04F79EFBC}") = "ConsoleApp.ExceptionHandlingDemo", "ConsoleApp.ExceptionHandlingDemo\ConsoleApp.ExceptionHandlingDemo.csproj", "{71C18ABB-B00E-450E-A3B7-FBB114D5ECF2}"
EndProject
Project("{FAE04EC0-301F-11D3-BF4B-00C04F79EFBC}") = "ConsoleApp.StringManipulation", "ConsoleApp.StringManipulation\ConsoleApp.StringManipulation.csproj", "{1EE3A6D8-3756-4481-8F13-9FFAAD6A099D}"
EndProject
Project("{FAE04EC0-301F-11D3-BF4B-00C04F79EFBC}") = "ConsoleApp.DateTimeManipulation", "ConsoleApp.DateTimeManipulation\ConsoleApp.DateTimeManipulation.csproj", "{B75A0233-CED1-49E4-B934-5D265A418DDC}"
EndProject
Project("{FAE04EC0-301F-11D3-BF4B-00C04F79EFBC}") = "ConsoleApp.Methods", "ConsoleApp.Methods\ConsoleApp.Methods.csproj", "{989CAB80-D4F9-4523-8B74-35B5759CA7B1}"
EndProject
Project("{FAE04EC0-301F-11D3-BF4B-00C04F79EFBC}") = "ConsoleApp.Arrays", "ConsoleApp.Arrays\ConsoleApp.Arrays.csproj", "{4B730C18-C701-4710-8419-014425D51BFD}"
EndProject
Project("{FAE04EC0-301F-11D3-BF4B-00C04F79EFBC}") = "ConsoleApp.Lists", "ConsoleApp.Lists\ConsoleApp.Lists.csproj", "{1AEBA8CC-851C-4592-AD4A-472D375F6256}"
EndProject
Project("{FAE04EC0-301F-11D3-BF4B-00C04F79EFBC}") = "ConsoleApp.ClassesDemo", "ConsoleApp.ClassesDemo\ConsoleApp.ClassesDemo.csproj", "{EA7CB26F-CEAE-47D4-963A-0514C41D8484}"
EndProject
Global
	GlobalSection(SolutionConfigurationPlatforms) = preSolution
		Debug|Any CPU = Debug|Any CPU
		Release|Any CPU = Release|Any CPU
	EndGlobalSection
	GlobalSection(ProjectConfigurationPlatforms) = postSolution
		{506B1D0F-E375-48DB-9833-FDC2BD686C07}.Debug|Any CPU.ActiveCfg = Debug|Any CPU
		{506B1D0F-E375-48DB-9833-FDC2BD686C07}.Debug|Any CPU.Build.0 = Debug|Any CPU
		{506B1D0F-E375-48DB-9833-FDC2BD686C07}.Release|Any CPU.ActiveCfg = Release|Any CPU
		{506B1D0F-E375-48DB-9833-FDC2BD686C07}.Release|Any CPU.Build.0 = Release|Any CPU
		{00B98E47-0D9F-44B1-B914-88A0B79B2AD7}.Debug|Any CPU.ActiveCfg = Debug|Any CPU
		{00B98E47-0D9F-44B1-B914-88A0B79B2AD7}.Debug|Any CPU.Build.0 = Debug|Any CPU
		{00B98E47-0D9F-44B1-B914-88A0B79B2AD7}.Release|Any CPU.ActiveCfg = Release|Any CPU
		{00B98E47-0D9F-44B1-B914-88A0B79B2AD7}.Release|Any CPU.Build.0 = Release|Any CPU
		{A01DD162-D736-4EE3-B768-D270A558C82C}.Debug|Any CPU.ActiveCfg = Debug|Any CPU
		{A01DD162-D736-4EE3-B768-D270A558C82C}.Debug|Any CPU.Build.0 = Debug|Any CPU
		{A01DD162-D736-4EE3-B768-D270A558C82C}.Release|Any CPU.ActiveCfg = Release|Any CPU
		{A01DD162-D736-4EE3-B768-D270A558C82C}.Release|Any CPU.Build.0 = Release|Any CPU
		{EF4B5B8A-AFA3-401C-B8FF-FBC59A312CAB}.Debug|Any CPU.ActiveCfg = Debug|Any CPU
		{EF4B5B8A-AFA3-401C-B8FF-FBC59A312CAB}.Debug|Any CPU.Build.0 = Debug|Any CPU
		{EF4B5B8A-AFA3-401C-B8FF-FBC59A312CAB}.Release|Any CPU.ActiveCfg = Release|Any CPU
		{EF4B5B8A-AFA3-401C-B8FF-FBC59A312CAB}.Release|Any CPU.Build.0 = Release|Any CPU
		{41B6DE3B-41A1-4957-8F3B-E77832280EF5}.Debug|Any CPU.ActiveCfg = Debug|Any CPU
		{41B6DE3B-41A1-4957-8F3B-E77832280EF5}.Debug|Any CPU.Build.0 = Debug|Any CPU
		{41B6DE3B-41A1-4957-8F3B-E77832280EF5}.Release|Any CPU.ActiveCfg = Release|Any CPU
		{41B6DE3B-41A1-4957-8F3B-E77832280EF5}.Release|Any CPU.Build.0 = Release|Any CPU
		{84FFA3A2-4CD9-44B8-BFD2-3BBDF5FC4FC8}.Debug|Any CPU.ActiveCfg = Debug|Any CPU
		{84FFA3A2-4CD9-44B8-BFD2-3BBDF5FC4FC8}.Debug|Any CPU.Build.0 = Debug|Any CPU
		{84FFA3A2-4CD9-44B8-BFD2-3BBDF5FC4FC8}.Release|Any CPU.ActiveCfg = Release|Any CPU
		{84FFA3A2-4CD9-44B8-BFD2-3BBDF5FC4FC8}.Release|Any CPU.Build.0 = Release|Any CPU
		{631A86A2-419A-4FBC-B211-BFF23A8AE346}.Debug|Any CPU.ActiveCfg = Debug|Any CPU
		{631A86A2-419A-4FBC-B211-BFF23A8AE346}.Debug|Any CPU.Build.0 = Debug|Any CPU
		{631A86A2-419A-4FBC-B211-BFF23A8AE346}.Release|Any CPU.ActiveCfg = Release|Any CPU
		{631A86A2-419A-4FBC-B211-BFF23A8AE346}.Release|Any CPU.Build.0 = Release|Any CPU
		{71C18ABB-B00E-450E-A3B7-FBB114D5ECF2}.Debug|Any CPU.ActiveCfg = Debug|Any CPU
		{71C18ABB-B00E-450E-A3B7-FBB114D5ECF2}.Debug|Any CPU.Build.0 = Debug|Any CPU
		{71C18ABB-B00E-450E-A3B7-FBB114D5ECF2}.Release|Any CPU.ActiveCfg = Release|Any CPU
		{71C18ABB-B00E-450E-A3B7-FBB114D5ECF2}.Release|Any CPU.Build.0 = Release|Any CPU
		{1EE3A6D8-3756-4481-8F13-9FFAAD6A099D}.Debug|Any CPU.ActiveCfg = Debug|Any CPU
		{1EE3A6D8-3756-4481-8F13-9FFAAD6A099D}.Debug|Any CPU.Build.0 = Debug|Any CPU
		{1EE3A6D8-3756-4481-8F13-9FFAAD6A099D}.Release|Any CPU.ActiveCfg = Release|Any CPU
		{1EE3A6D8-3756-4481-8F13-9FFAAD6A099D}.Release|Any CPU.Build.0 = Release|Any CPU
		{B75A0233-CED1-49E4-B934-5D265A418DDC}.Debug|Any CPU.ActiveCfg = Debug|Any CPU
		{B75A0233-CED1-49E4-B934-5D265A418DDC}.Debug|Any CPU.Build.0 = Debug|Any CPU
		{B75A0233-CED1-49E4-B934-5D265A418DDC}.Release|Any CPU.ActiveCfg = Release|Any CPU
		{B75A0233-CED1-49E4-B934-5D265A418DDC}.Release|Any CPU.Build.0 = Release|Any CPU
		{989CAB80-D4F9-4523-8B74-35B5759CA7B1}.Debug|Any CPU.ActiveCfg = Debug|Any CPU
		{989CAB80-D4F9-4523-8B74-35B5759CA7B1}.Debug|Any CPU.Build.0 = Debug|Any CPU
		{989CAB80-D4F9-4523-8B74-35B5759CA7B1}.Release|Any CPU.ActiveCfg = Release|Any CPU
		{989CAB80-D4F9-4523-8B74-35B5759CA7B1}.Release|Any CPU.Build.0 = Release|Any CPU
		{4B730C18-C701-4710-8419-014425D51BFD}.Debug|Any CPU.ActiveCfg = Debug|Any CPU
		{4B730C18-C701-4710-8419-014425D51BFD}.Debug|Any CPU.Build.0 = Debug|Any CPU
		{4B730C18-C701-4710-8419-014425D51BFD}.Release|Any CPU.ActiveCfg = Release|Any CPU
		{4B730C18-C701-4710-8419-014425D51BFD}.Release|Any CPU.Build.0 = Release|Any CPU
		{1AEBA8CC-851C-4592-AD4A-472D375F6256}.Debug|Any CPU.ActiveCfg = Debug|Any CPU
		{1AEBA8CC-851C-4592-AD4A-472D375F6256}.Debug|Any CPU.Build.0 = Debug|Any CPU
		{1AEBA8CC-851C-4592-AD4A-472D375F6256}.Release|Any CPU.ActiveCfg = Release|Any CPU
		{1AEBA8CC-851C-4592-AD4A-472D375F6256}.Release|Any CPU.Build.0 = Release|Any CPU
		{EA7CB26F-CEAE-47D4-963A-0514C41D8484}.Debug|Any CPU.ActiveCfg = Debug|Any CPU
		{EA7CB26F-CEAE-47D4-963A-0514C41D8484}.Debug|Any CPU.Build.0 = Debug|Any CPU
		{EA7CB26F-CEAE-47D4-963A-0514C41D8484}.Release|Any CPU.ActiveCfg = Release|Any CPU
		{EA7CB26F-CEAE-47D4-963A-0514C41D8484}.Release|Any CPU.Build.0 = Release|Any CPU
	EndGlobalSection
	GlobalSection(SolutionProperties) = preSolution
		HideSolutionNode = FALSE
	EndGlobalSection
	GlobalSection(ExtensibilityGlobals) = postSolution
		SolutionGuid = {2950C9C9-A48E-45AC-B99A-A11045011EF6}
	EndGlobalSection
EndGlobal
